# THIS IS AN AUTOGENERATED FILE. DO NOT EDIT THIS FILE DIRECTLY.
# yarn lockfile v1


"@sanity/cli@^2.35.0":
  version "2.35.0"
  resolved "https://registry.yarnpkg.com/@sanity/cli/-/cli-2.35.0.tgz#9773c6a5c46c55274cf0cbf1e721e3a419043a83"
  integrity sha512-btMoU2W5PrvQL0J4RpA7tvZlo+27fY/aekU4SOa5DWV7nlUc7lMxljCbWdhkX7cQxR1wY/uKcgZeMPX+BPwaWg==
